
Microsoft Visual Studio Solution File, Format Version 12.00
# Visual Studio Version 16
VisualStudioVersion = 16.0.31424.327
MinimumVisualStudioVersion = 10.0.40219.1
Project("{FAE04EC0-301F-11D3-BF4B-00C04F79EFBC}") = "CoreBot1", "CoreBot1\CoreBot1.csproj", "{8748AEE6-CDF7-4A59-9224-532421F5A623}"
EndProject
Global
	GlobalSection(SolutionConfigurationPlatforms) = preSolution
		Debug|Any CPU = Debug|Any CPU
		Release|Any CPU = Release|Any CPU
	EndGlobalSection
	GlobalSection(ProjectConfigurationPlatforms) = postSolution
		{8748AEE6-CDF7-4A59-9224-532421F5A623}.Debug|Any CPU.ActiveCfg = Debug|Any CPU
		{8748AEE6-CDF7-4A59-9224-532421F5A623}.Debug|Any CPU.Build.0 = Debug|Any CPU
		{8748AEE6-CDF7-4A59-9224-532421F5A623}.Release|Any CPU.ActiveCfg = Release|Any CPU
		{8748AEE6-CDF7-4A59-9224-532421F5A623}.Release|Any CPU.Build.0 = Release|Any CPU
	EndGlobalSection
	GlobalSection(SolutionProperties) = preSolution
		HideSolutionNode = FALSE
	EndGlobalSection
	GlobalSection(ExtensibilityGlobals) = postSolution
		SolutionGuid = {367CF355-84D9-4F8A-9E88-8CA6C6547756}
	EndGlobalSection
EndGlobal
